
Microsoft Visual Studio Solution File, Format Version 12.00
# Visual Studio Version 17
VisualStudioVersion = 17.6.33417.168
MinimumVisualStudioVersion = 10.0.40219.1
Project("{9A19103F-16F7-4668-BE54-9A1E7A4F7556}") = "Glihm.Cryptography.Argon2.Wasm", "Glihm.Cryptography.Argon2.Wasm\Glihm.Cryptography.Argon2.Wasm.csproj", "{F3EE261C-8AA7-4A3D-9EDA-1DE3EC2EF2D8}"
EndProject
Project("{9A19103F-16F7-4668-BE54-9A1E7A4F7556}") = "TestApp", "TestApp\TestApp.csproj", "{81C69726-5352-4072-9255-EACF43EE8ABC}"
EndProject
Project("{2150E333-8FDC-42A3-9474-1A3956D46DE8}") = "Solution Items", "Solution Items", "{4439BC84-0954-4140-90BE-FD7DAA80CA7F}"
	ProjectSection(SolutionItems) = preProject
		README.md = README.md
	EndProjectSection
EndProject
Global
	GlobalSection(SolutionConfigurationPlatforms) = preSolution
		Debug|Any CPU = Debug|Any CPU
		Release|Any CPU = Release|Any CPU
	EndGlobalSection
	GlobalSection(ProjectConfigurationPlatforms) = postSolution
		{F3EE261C-8AA7-4A3D-9EDA-1DE3EC2EF2D8}.Debug|Any CPU.ActiveCfg = Debug|Any CPU
		{F3EE261C-8AA7-4A3D-9EDA-1DE3EC2EF2D8}.Debug|Any CPU.Build.0 = Debug|Any CPU
		{F3EE261C-8AA7-4A3D-9EDA-1DE3EC2EF2D8}.Release|Any CPU.ActiveCfg = Release|Any CPU
		{F3EE261C-8AA7-4A3D-9EDA-1DE3EC2EF2D8}.Release|Any CPU.Build.0 = Release|Any CPU
		{81C69726-5352-4072-9255-EACF43EE8ABC}.Debug|Any CPU.ActiveCfg = Debug|Any CPU
		{81C69726-5352-4072-9255-EACF43EE8ABC}.Debug|Any CPU.Build.0 = Debug|Any CPU
		{81C69726-5352-4072-9255-EACF43EE8ABC}.Release|Any CPU.ActiveCfg = Release|Any CPU
		{81C69726-5352-4072-9255-EACF43EE8ABC}.Release|Any CPU.Build.0 = Release|Any CPU
	EndGlobalSection
	GlobalSection(SolutionProperties) = preSolution
		HideSolutionNode = FALSE
	EndGlobalSection
	GlobalSection(ExtensibilityGlobals) = postSolution
		SolutionGuid = {11040B9E-C99A-47CF-91FB-76719F78F8A1}
	EndGlobalSection
EndGlobal
